
Microsoft Visual Studio Solution File, Format Version 12.00
# Visual Studio Version 17
VisualStudioVersion = 17.8.34322.80
MinimumVisualStudioVersion = 10.0.40219.1
Project("{2150E333-8FDC-42A3-9474-1A3956D46DE8}") = "Lab7", "Lab7", "{744F3355-9A74-4EE3-8BFA-A5F14C0C353F}"
	ProjectSection(SolutionItems) = preProject
		EmergencyEvent.cs = EmergencyEvent.cs
		EmergencyEventRepository.cs = EmergencyEventRepository.cs
		IEmergencyEventRepository.cs = IEmergencyEventRepository.cs
	EndProjectSection
EndProject
Project("{2150E333-8FDC-42A3-9474-1A3956D46DE8}") = "Lab8", "Lab8", "{F1FB77EE-4AFE-4180-8358-1B986C60D4A9}"
	ProjectSection(SolutionItems) = preProject
		Event.cs = Event.cs
		EventRepositoryTests.cs = EventRepositoryTests.cs
		IEventRepository.cs = IEventRepository.cs
	EndProjectSection
EndProject
Project("{2150E333-8FDC-42A3-9474-1A3956D46DE8}") = "Lab9", "Lab9", "{5EFA6BB9-210E-4C02-9780-FFBFDA67A8B6}"
	ProjectSection(SolutionItems) = preProject
		EventNotificationService.cs = EventNotificationService.cs
		EventNotificationServiceTests.cs = EventNotificationServiceTests.cs
	EndProjectSection
EndProject
Global
	GlobalSection(SolutionProperties) = preSolution
		HideSolutionNode = FALSE
	EndGlobalSection
	GlobalSection(ExtensibilityGlobals) = postSolution
		SolutionGuid = {17A8B70F-85F2-49A6-A1F2-356FD9EB12DF}
	EndGlobalSection
EndGlobal
